// !$*UTF8*$!
{
	archiveVersion = 1;
	classes = {
	};
	objectVersion = 51;
	objects = {

/* Begin PBXBuildFile section */
		A104AE642496CC6900B0A0FC /* Data.swift in Sources */ = {isa = PBXBuildFile; fileRef = A104AE632496CC6900B0A0FC /* Data.swift */; };
		A104AE662496CC6D00B0A0FC /* Message.swift in Sources */ = {isa = PBXBuildFile; fileRef = A104AE652496CC6D00B0A0FC /* Message.swift */; };
		A104AE682496CC7400B0A0FC /* Player.swift in Sources */ = {isa = PBXBuildFile; fileRef = A104AE672496CC7400B0A0FC /* Player.swift */; };
		A104AE6B2496CC8E00B0A0FC /* DataManager.swift in Sources */ = {isa = PBXBuildFile; fileRef = A104AE6A2496CC8E00B0A0FC /* DataManager.swift */; };
		A104AE6D2496CC9900B0A0FC /* GameManager.swift in Sources */ = {isa = PBXBuildFile; fileRef = A104AE6C2496CC9900B0A0FC /* GameManager.swift */; };
		A104AE6F2496CF8600B0A0FC /* GameState.swift in Sources */ = {isa = PBXBuildFile; fileRef = A104AE6E2496CF8600B0A0FC /* GameState.swift */; };
		A104AE712496CFAE00B0A0FC /* ABCClientHandler.swift in Sources */ = {isa = PBXBuildFile; fileRef = A104AE702496CFAE00B0A0FC /* ABCClientHandler.swift */; };
		A19C89EF24950D7600C23F3A /* Gameplay.storyboard in Resources */ = {isa = PBXBuildFile; fileRef = A19C89EE24950D7600C23F3A /* Gameplay.storyboard */; };
		A19C89F124950D8700C23F3A /* AnswerResult.storyboard in Resources */ = {isa = PBXBuildFile; fileRef = A19C89F024950D8700C23F3A /* AnswerResult.storyboard */; };
		A19C89F324950D9C00C23F3A /* ChangeSkillCard.storyboard in Resources */ = {isa = PBXBuildFile; fileRef = A19C89F224950D9C00C23F3A /* ChangeSkillCard.storyboard */; };
		A19C89F524950DB300C23F3A /* GameResult.storyboard in Resources */ = {isa = PBXBuildFile; fileRef = A19C89F424950DB300C23F3A /* GameResult.storyboard */; };
		A19C89FE2495D1C700C23F3A /* GameplayVC.swift in Sources */ = {isa = PBXBuildFile; fileRef = A19C89FD2495D1C700C23F3A /* GameplayVC.swift */; };
		A19C8A002495D1D400C23F3A /* AnswerResultVC.swift in Sources */ = {isa = PBXBuildFile; fileRef = A19C89FF2495D1D400C23F3A /* AnswerResultVC.swift */; };
		A19C8A022495D1ED00C23F3A /* ChangeSkillCardVC.swift in Sources */ = {isa = PBXBuildFile; fileRef = A19C8A012495D1ED00C23F3A /* ChangeSkillCardVC.swift */; };
		A19C8A042495D1F900C23F3A /* GameResultVC.swift in Sources */ = {isa = PBXBuildFile; fileRef = A19C8A032495D1F900C23F3A /* GameResultVC.swift */; };
		A1CD39A42491D9D300E26A3C /* AppDelegate.swift in Sources */ = {isa = PBXBuildFile; fileRef = A1CD39A32491D9D300E26A3C /* AppDelegate.swift */; };
		A1CD39A62491D9D300E26A3C /* GameScene.sks in Resources */ = {isa = PBXBuildFile; fileRef = A1CD39A52491D9D300E26A3C /* GameScene.sks */; };
		A1CD39A82491D9D300E26A3C /* Actions.sks in Resources */ = {isa = PBXBuildFile; fileRef = A1CD39A72491D9D300E26A3C /* Actions.sks */; };
		A1CD39AA2491D9D300E26A3C /* GameScene.swift in Sources */ = {isa = PBXBuildFile; fileRef = A1CD39A92491D9D300E26A3C /* GameScene.swift */; };
		A1CD39AC2491D9D300E26A3C /* GameViewController.swift in Sources */ = {isa = PBXBuildFile; fileRef = A1CD39AB2491D9D300E26A3C /* GameViewController.swift */; };
		A1CD39AF2491D9D300E26A3C /* Main.storyboard in Resources */ = {isa = PBXBuildFile; fileRef = A1CD39AD2491D9D300E26A3C /* Main.storyboard */; };
		A1CD39B12491D9D500E26A3C /* Assets.xcassets in Resources */ = {isa = PBXBuildFile; fileRef = A1CD39B02491D9D500E26A3C /* Assets.xcassets */; };
		A1CD39B42491D9D500E26A3C /* LaunchScreen.storyboard in Resources */ = {isa = PBXBuildFile; fileRef = A1CD39B22491D9D500E26A3C /* LaunchScreen.storyboard */; };
		BAA490EE98D5DA7879D3C144 /* Pods_ABC5BasicClient.framework in Frameworks */ = {isa = PBXBuildFile; fileRef = 074A95C4FC9B89FB9DA37FC0 /* Pods_ABC5BasicClient.framework */; };
/* End PBXBuildFile section */

/* Begin PBXFileReference section */
		074A95C4FC9B89FB9DA37FC0 /* Pods_ABC5BasicClient.framework */ = {isa = PBXFileReference; explicitFileType = wrapper.framework; includeInIndex = 0; path = Pods_ABC5BasicClient.framework; sourceTree = BUILT_PRODUCTS_DIR; };
		2E0F5D545F83FA93E1B96758 /* Pods-ABC5BasicClient.release.xcconfig */ = {isa = PBXFileReference; includeInIndex = 1; lastKnownFileType = text.xcconfig; name = "Pods-ABC5BasicClient.release.xcconfig"; path = "Target Support Files/Pods-ABC5BasicClient/Pods-ABC5BasicClient.release.xcconfig"; sourceTree = "<group>"; };
		3A75FC6342FEF74C38671C67 /* Pods-ABC5BasicClient.debug.xcconfig */ = {isa = PBXFileReference; includeInIndex = 1; lastKnownFileType = text.xcconfig; name = "Pods-ABC5BasicClient.debug.xcconfig"; path = "Target Support Files/Pods-ABC5BasicClient/Pods-ABC5BasicClient.debug.xcconfig"; sourceTree = "<group>"; };
		A104AE632496CC6900B0A0FC /* Data.swift */ = {isa = PBXFileReference; lastKnownFileType = sourcecode.swift; path = Data.swift; sourceTree = "<group>"; };
		A104AE652496CC6D00B0A0FC /* Message.swift */ = {isa = PBXFileReference; lastKnownFileType = sourcecode.swift; path = Message.swift; sourceTree = "<group>"; };
		A104AE672496CC7400B0A0FC /* Player.swift */ = {isa = PBXFileReference; lastKnownFileType = sourcecode.swift; path = Player.swift; sourceTree = "<group>"; };
		A104AE6A2496CC8E00B0A0FC /* DataManager.swift */ = {isa = PBXFileReference; lastKnownFileType = sourcecode.swift; path = DataManager.swift; sourceTree = "<group>"; };
		A104AE6C2496CC9900B0A0FC /* GameManager.swift */ = {isa = PBXFileReference; lastKnownFileType = sourcecode.swift; path = GameManager.swift; sourceTree = "<group>"; };
		A104AE6E2496CF8600B0A0FC /* GameState.swift */ = {isa = PBXFileReference; lastKnownFileType = sourcecode.swift; path = GameState.swift; sourceTree = "<group>"; };
		A104AE702496CFAE00B0A0FC /* ABCClientHandler.swift */ = {isa = PBXFileReference; lastKnownFileType = sourcecode.swift; path = ABCClientHandler.swift; sourceTree = "<group>"; };
		A19C89EE24950D7600C23F3A /* Gameplay.storyboard */ = {isa = PBXFileReference; lastKnownFileType = file.storyboard; path = Gameplay.storyboard; sourceTree = "<group>"; };
		A19C89F024950D8700C23F3A /* AnswerResult.storyboard */ = {isa = PBXFileReference; lastKnownFileType = file.storyboard; path = AnswerResult.storyboard; sourceTree = "<group>"; };
		A19C89F224950D9C00C23F3A /* ChangeSkillCard.storyboard */ = {isa = PBXFileReference; lastKnownFileType = file.storyboard; path = ChangeSkillCard.storyboard; sourceTree = "<group>"; };
		A19C89F424950DB300C23F3A /* GameResult.storyboard */ = {isa = PBXFileReference; lastKnownFileType = file.storyboard; path = GameResult.storyboard; sourceTree = "<group>"; };
		A19C89FD2495D1C700C23F3A /* GameplayVC.swift */ = {isa = PBXFileReference; lastKnownFileType = sourcecode.swift; path = GameplayVC.swift; sourceTree = "<group>"; };
		A19C89FF2495D1D400C23F3A /* AnswerResultVC.swift */ = {isa = PBXFileReference; lastKnownFileType = sourcecode.swift; path = AnswerResultVC.swift; sourceTree = "<group>"; };
		A19C8A012495D1ED00C23F3A /* ChangeSkillCardVC.swift */ = {isa = PBXFileReference; lastKnownFileType = sourcecode.swift; path = ChangeSkillCardVC.swift; sourceTree = "<group>"; };
		A19C8A032495D1F900C23F3A /* GameResultVC.swift */ = {isa = PBXFileReference; lastKnownFileType = sourcecode.swift; path = GameResultVC.swift; sourceTree = "<group>"; };
		A1CD39A02491D9D300E26A3C /* ABC5BasicClient.app */ = {isa = PBXFileReference; explicitFileType = wrapper.application; includeInIndex = 0; path = ABC5BasicClient.app; sourceTree = BUILT_PRODUCTS_DIR; };
		A1CD39A32491D9D300E26A3C /* AppDelegate.swift */ = {isa = PBXFileReference; lastKnownFileType = sourcecode.swift; path = AppDelegate.swift; sourceTree = "<group>"; };
		A1CD39A52491D9D300E26A3C /* GameScene.sks */ = {isa = PBXFileReference; lastKnownFileType = file.sks; path = GameScene.sks; sourceTree = "<group>"; };
		A1CD39A72491D9D300E26A3C /* Actions.sks */ = {isa = PBXFileReference; lastKnownFileType = file.sks; path = Actions.sks; sourceTree = "<group>"; };
		A1CD39A92491D9D300E26A3C /* GameScene.swift */ = {isa = PBXFileReference; lastKnownFileType = sourcecode.swift; path = GameScene.swift; sourceTree = "<group>"; };
		A1CD39AB2491D9D300E26A3C /* GameViewController.swift */ = {isa = PBXFileReference; lastKnownFileType = sourcecode.swift; path = GameViewController.swift; sourceTree = "<group>"; };
		A1CD39AE2491D9D300E26A3C /* Base */ = {isa = PBXFileReference; lastKnownFileType = file.storyboard; name = Base; path = Base.lproj/Main.storyboard; sourceTree = "<group>"; };
		A1CD39B02491D9D500E26A3C /* Assets.xcassets */ = {isa = PBXFileReference; lastKnownFileType = folder.assetcatalog; path = Assets.xcassets; sourceTree = "<group>"; };
		A1CD39B32491D9D500E26A3C /* Base */ = {isa = PBXFileReference; lastKnownFileType = file.storyboard; name = Base; path = Base.lproj/LaunchScreen.storyboard; sourceTree = "<group>"; };
		A1CD39B52491D9D500E26A3C /* Info.plist */ = {isa = PBXFileReference; lastKnownFileType = text.plist.xml; path = Info.plist; sourceTree = "<group>"; };
/* End PBXFileReference section */

/* Begin PBXFrameworksBuildPhase section */
		A1CD399D2491D9D300E26A3C /* Frameworks */ = {
			isa = PBXFrameworksBuildPhase;
			buildActionMask = 2147483647;
			files = (
				BAA490EE98D5DA7879D3C144 /* Pods_ABC5BasicClient.framework in Frameworks */,
			);
			runOnlyForDeploymentPostprocessing = 0;
		};
/* End PBXFrameworksBuildPhase section */

/* Begin PBXGroup section */
		22082B7147B4B0F63950B858 /* Frameworks */ = {
			isa = PBXGroup;
			children = (
				074A95C4FC9B89FB9DA37FC0 /* Pods_ABC5BasicClient.framework */,
			);
			name = Frameworks;
			sourceTree = "<group>";
		};
		A104AE622496CC5C00B0A0FC /* Shared */ = {
			isa = PBXGroup;
			children = (
				A104AE632496CC6900B0A0FC /* Data.swift */,
				A104AE652496CC6D00B0A0FC /* Message.swift */,
				A104AE672496CC7400B0A0FC /* Player.swift */,
			);
			path = Shared;
			sourceTree = "<group>";
		};
		A104AE692496CC8600B0A0FC /* Manager */ = {
			isa = PBXGroup;
			children = (
				A104AE6A2496CC8E00B0A0FC /* DataManager.swift */,
				A104AE6C2496CC9900B0A0FC /* GameManager.swift */,
				A104AE6E2496CF8600B0A0FC /* GameState.swift */,
				A104AE702496CFAE00B0A0FC /* ABCClientHandler.swift */,
			);
			path = Manager;
			sourceTree = "<group>";
		};
		A1CD39972491D9D300E26A3C = {
			isa = PBXGroup;
			children = (
				A1CD39A22491D9D300E26A3C /* ABC5BasicClient */,
				A1CD39A12491D9D300E26A3C /* Products */,
				D325D040CBF6A59D69DE158F /* Pods */,
				22082B7147B4B0F63950B858 /* Frameworks */,
			);
			sourceTree = "<group>";
		};
		A1CD39A12491D9D300E26A3C /* Products */ = {
			isa = PBXGroup;
			children = (
				A1CD39A02491D9D300E26A3C /* ABC5BasicClient.app */,
			);
			name = Products;
			sourceTree = "<group>";
		};
		A1CD39A22491D9D300E26A3C /* ABC5BasicClient */ = {
			isa = PBXGroup;
			children = (
				A1CD39A32491D9D300E26A3C /* AppDelegate.swift */,
				A1CD39A52491D9D300E26A3C /* GameScene.sks */,
				A1CD39A72491D9D300E26A3C /* Actions.sks */,
				A1CD39A92491D9D300E26A3C /* GameScene.swift */,
				A1CD39AB2491D9D300E26A3C /* GameViewController.swift */,
				A1CD39AD2491D9D300E26A3C /* Main.storyboard */,
				A19C89EE24950D7600C23F3A /* Gameplay.storyboard */,
				A19C89FD2495D1C700C23F3A /* GameplayVC.swift */,
				A19C89F024950D8700C23F3A /* AnswerResult.storyboard */,
				A19C89FF2495D1D400C23F3A /* AnswerResultVC.swift */,
				A19C89F224950D9C00C23F3A /* ChangeSkillCard.storyboard */,
				A19C8A012495D1ED00C23F3A /* ChangeSkillCardVC.swift */,
				A19C89F424950DB300C23F3A /* GameResult.storyboard */,
				A19C8A032495D1F900C23F3A /* GameResultVC.swift */,
				A1CD39B02491D9D500E26A3C /* Assets.xcassets */,
				A1CD39B22491D9D500E26A3C /* LaunchScreen.storyboard */,
				A1CD39B52491D9D500E26A3C /* Info.plist */,
				A104AE692496CC8600B0A0FC /* Manager */,
				A104AE622496CC5C00B0A0FC /* Shared */,
			);
			path = ABC5BasicClient;
			sourceTree = "<group>";
		};
		D325D040CBF6A59D69DE158F /* Pods */ = {
			isa = PBXGroup;
			children = (
				3A75FC6342FEF74C38671C67 /* Pods-ABC5BasicClient.debug.xcconfig */,
				2E0F5D545F83FA93E1B96758 /* Pods-ABC5BasicClient.release.xcconfig */,
			);
			path = Pods;
			sourceTree = "<group>";
		};
/* End PBXGroup section */

/* Begin PBXNativeTarget section */
		A1CD399F2491D9D300E26A3C /* ABC5BasicClient */ = {
			isa = PBXNativeTarget;
			buildConfigurationList = A1CD39B82491D9D500E26A3C /* Build configuration list for PBXNativeTarget "ABC5BasicClient" */;
			buildPhases = (
				5185B15849B8C3DA4718BC18 /* [CP] Check Pods Manifest.lock */,
				A1CD399C2491D9D300E26A3C /* Sources */,
				A1CD399D2491D9D300E26A3C /* Frameworks */,
				A1CD399E2491D9D300E26A3C /* Resources */,
				7E5F0497B77954BD04B8B4D7 /* [CP] Embed Pods Frameworks */,
			);
			buildRules = (
			);
			dependencies = (
			);
			name = ABC5BasicClient;
			productName = ABC5BasicClient;
			productReference = A1CD39A02491D9D300E26A3C /* ABC5BasicClient.app */;
			productType = "com.apple.product-type.application";
		};
/* End PBXNativeTarget section */

/* Begin PBXProject section */
		A1CD39982491D9D300E26A3C /* Project object */ = {
			isa = PBXProject;
			attributes = {
				LastSwiftUpdateCheck = 1150;
				LastUpgradeCheck = 1150;
				ORGANIZATIONNAME = ADA;
				TargetAttributes = {
					A1CD399F2491D9D300E26A3C = {
						CreatedOnToolsVersion = 11.5;
					};
				};
			};
			buildConfigurationList = A1CD399B2491D9D300E26A3C /* Build configuration list for PBXProject "ABC5BasicClient" */;
			compatibilityVersion = "Xcode 9.3";
			developmentRegion = en;
			hasScannedForEncodings = 0;
			knownRegions = (
				en,
				Base,
			);
			mainGroup = A1CD39972491D9D300E26A3C;
			productRefGroup = A1CD39A12491D9D300E26A3C /* Products */;
			projectDirPath = "";
			projectRoot = "";
			targets = (
				A1CD399F2491D9D300E26A3C /* ABC5BasicClient */,
			);
		};
/* End PBXProject section */

/* Begin PBXResourcesBuildPhase section */
		A1CD399E2491D9D300E26A3C /* Resources */ = {
			isa = PBXResourcesBuildPhase;
			buildActionMask = 2147483647;
			files = (
				A19C89F324950D9C00C23F3A /* ChangeSkillCard.storyboard in Resources */,
				A19C89EF24950D7600C23F3A /* Gameplay.storyboard in Resources */,
				A19C89F524950DB300C23F3A /* GameResult.storyboard in Resources */,
				A1CD39AF2491D9D300E26A3C /* Main.storyboard in Resources */,
				A19C89F124950D8700C23F3A /* AnswerResult.storyboard in Resources */,
				A1CD39A62491D9D300E26A3C /* GameScene.sks in Resources */,
				A1CD39B12491D9D500E26A3C /* Assets.xcassets in Resources */,
				A1CD39B42491D9D500E26A3C /* LaunchScreen.storyboard in Resources */,
				A1CD39A82491D9D300E26A3C /* Actions.sks in Resources */,
			);
			runOnlyForDeploymentPostprocessing = 0;
		};
/* End PBXResourcesBuildPhase section */

/* Begin PBXShellScriptBuildPhase section */
		5185B15849B8C3DA4718BC18 /* [CP] Check Pods Manifest.lock */ = {
			isa = PBXShellScriptBuildPhase;
			buildActionMask = 2147483647;
			files = (
			);
			inputFileListPaths = (
			);
			inputPaths = (
				"${PODS_PODFILE_DIR_PATH}/Podfile.lock",
				"${PODS_ROOT}/Manifest.lock",
			);
			name = "[CP] Check Pods Manifest.lock";
			outputFileListPaths = (
			);
			outputPaths = (
				"$(DERIVED_FILE_DIR)/Pods-ABC5BasicClient-checkManifestLockResult.txt",
			);
			runOnlyForDeploymentPostprocessing = 0;
			shellPath = /bin/sh;
			shellScript = "diff \"${PODS_PODFILE_DIR_PATH}/Podfile.lock\" \"${PODS_ROOT}/Manifest.lock\" > /dev/null\nif [ $? != 0 ] ; then\n    # print error to STDERR\n    echo \"error: The sandbox is not in sync with the Podfile.lock. Run 'pod install' or update your CocoaPods installation.\" >&2\n    exit 1\nfi\n# This output is used by Xcode 'outputs' to avoid re-running this script phase.\necho \"SUCCESS\" > \"${SCRIPT_OUTPUT_FILE_0}\"\n";
			showEnvVarsInLog = 0;
		};
		7E5F0497B77954BD04B8B4D7 /* [CP] Embed Pods Frameworks */ = {
			isa = PBXShellScriptBuildPhase;
			buildActionMask = 2147483647;
			files = (
			);
			inputFileListPaths = (
				"${PODS_ROOT}/Target Support Files/Pods-ABC5BasicClient/Pods-ABC5BasicClient-frameworks-${CONFIGURATION}-input-files.xcfilelist",
			);
			name = "[CP] Embed Pods Frameworks";
			outputFileListPaths = (
				"${PODS_ROOT}/Target Support Files/Pods-ABC5BasicClient/Pods-ABC5BasicClient-frameworks-${CONFIGURATION}-output-files.xcfilelist",
			);
			runOnlyForDeploymentPostprocessing = 0;
			shellPath = /bin/sh;
			shellScript = "\"${PODS_ROOT}/Target Support Files/Pods-ABC5BasicClient/Pods-ABC5BasicClient-frameworks.sh\"\n";
			showEnvVarsInLog = 0;
		};
/* End PBXShellScriptBuildPhase section */

/* Begin PBXSourcesBuildPhase section */
		A1CD399C2491D9D300E26A3C /* Sources */ = {
			isa = PBXSourcesBuildPhase;
			buildActionMask = 2147483647;
			files = (
				A19C8A022495D1ED00C23F3A /* ChangeSkillCardVC.swift in Sources */,
				A104AE712496CFAE00B0A0FC /* ABCClientHandler.swift in Sources */,
				A104AE6D2496CC9900B0A0FC /* GameManager.swift in Sources */,
				A104AE6F2496CF8600B0A0FC /* GameState.swift in Sources */,
				A1CD39AA2491D9D300E26A3C /* GameScene.swift in Sources */,
				A1CD39AC2491D9D300E26A3C /* GameViewController.swift in Sources */,
				A104AE662496CC6D00B0A0FC /* Message.swift in Sources */,
				A19C89FE2495D1C700C23F3A /* GameplayVC.swift in Sources */,
				A19C8A042495D1F900C23F3A /* GameResultVC.swift in Sources */,
				A1CD39A42491D9D300E26A3C /* AppDelegate.swift in Sources */,
				A19C8A002495D1D400C23F3A /* AnswerResultVC.swift in Sources */,
				A104AE6B2496CC8E00B0A0FC /* DataManager.swift in Sources */,
				A104AE682496CC7400B0A0FC /* Player.swift in Sources */,
				A104AE642496CC6900B0A0FC /* Data.swift in Sources */,
			);
			runOnlyForDeploymentPostprocessing = 0;
		};
/* End PBXSourcesBuildPhase section */

/* Begin PBXVariantGroup section */
		A1CD39AD2491D9D300E26A3C /* Main.storyboard */ = {
			isa = PBXVariantGroup;
			children = (
				A1CD39AE2491D9D300E26A3C /* Base */,
			);
			name = Main.storyboard;
			sourceTree = "<group>";
		};
		A1CD39B22491D9D500E26A3C /* LaunchScreen.storyboard */ = {
			isa = PBXVariantGroup;
			children = (
				A1CD39B32491D9D500E26A3C /* Base */,
			);
			name = LaunchScreen.storyboard;
			sourceTree = "<group>";
		};
/* End PBXVariantGroup section */

/* Begin XCBuildConfiguration section */
		A1CD39B62491D9D500E26A3C /* Debug */ = {
			isa = XCBuildConfiguration;
			buildSettings = {
				ALWAYS_SEARCH_USER_PATHS = NO;
				CLANG_ANALYZER_NONNULL = YES;
				CLANG_ANALYZER_NUMBER_OBJECT_CONVERSION = YES_AGGRESSIVE;
				CLANG_CXX_LANGUAGE_STANDARD = "gnu++14";
				CLANG_CXX_LIBRARY = "libc++";
				CLANG_ENABLE_MODULES = YES;
				CLANG_ENABLE_OBJC_ARC = YES;
				CLANG_ENABLE_OBJC_WEAK = YES;
				CLANG_WARN_BLOCK_CAPTURE_AUTORELEASING = YES;
				CLANG_WARN_BOOL_CONVERSION = YES;
				CLANG_WARN_COMMA = YES;
				CLANG_WARN_CONSTANT_CONVERSION = YES;
				CLANG_WARN_DEPRECATED_OBJC_IMPLEMENTATIONS = YES;
				CLANG_WARN_DIRECT_OBJC_ISA_USAGE = YES_ERROR;
				CLANG_WARN_DOCUMENTATION_COMMENTS = YES;
				CLANG_WARN_EMPTY_BODY = YES;
				CLANG_WARN_ENUM_CONVERSION = YES;
				CLANG_WARN_INFINITE_RECURSION = YES;
				CLANG_WARN_INT_CONVERSION = YES;
				CLANG_WARN_NON_LITERAL_NULL_CONVERSION = YES;
				CLANG_WARN_OBJC_IMPLICIT_RETAIN_SELF = YES;
				CLANG_WARN_OBJC_LITERAL_CONVERSION = YES;
				CLANG_WARN_OBJC_ROOT_CLASS = YES_ERROR;
				CLANG_WARN_RANGE_LOOP_ANALYSIS = YES;
				CLANG_WARN_STRICT_PROTOTYPES = YES;
				CLANG_WARN_SUSPICIOUS_MOVE = YES;
				CLANG_WARN_UNGUARDED_AVAILABILITY = YES_AGGRESSIVE;
				CLANG_WARN_UNREACHABLE_CODE = YES;
				CLANG_WARN__DUPLICATE_METHOD_MATCH = YES;
				COPY_PHASE_STRIP = NO;
				DEBUG_INFORMATION_FORMAT = dwarf;
				ENABLE_STRICT_OBJC_MSGSEND = YES;
				ENABLE_TESTABILITY = YES;
				GCC_C_LANGUAGE_STANDARD = gnu11;
				GCC_DYNAMIC_NO_PIC = NO;
				GCC_NO_COMMON_BLOCKS = YES;
				GCC_OPTIMIZATION_LEVEL = 0;
				GCC_PREPROCESSOR_DEFINITIONS = (
					"DEBUG=1",
					"$(inherited)",
				);
				GCC_WARN_64_TO_32_BIT_CONVERSION = YES;
				GCC_WARN_ABOUT_RETURN_TYPE = YES_ERROR;
				GCC_WARN_UNDECLARED_SELECTOR = YES;
				GCC_WARN_UNINITIALIZED_AUTOS = YES_AGGRESSIVE;
				GCC_WARN_UNUSED_FUNCTION = YES;
				GCC_WARN_UNUSED_VARIABLE = YES;
				IPHONEOS_DEPLOYMENT_TARGET = 13.5;
				MTL_ENABLE_DEBUG_INFO = INCLUDE_SOURCE;
				MTL_FAST_MATH = YES;
				ONLY_ACTIVE_ARCH = YES;
				SDKROOT = iphoneos;
				SWIFT_ACTIVE_COMPILATION_CONDITIONS = DEBUG;
				SWIFT_OPTIMIZATION_LEVEL = "-Onone";
			};
			name = Debug;
		};
		A1CD39B72491D9D500E26A3C /* Release */ = {
			isa = XCBuildConfiguration;
			buildSettings = {
				ALWAYS_SEARCH_USER_PATHS = NO;
				CLANG_ANALYZER_NONNULL = YES;
				CLANG_ANALYZER_NUMBER_OBJECT_CONVERSION = YES_AGGRESSIVE;
				CLANG_CXX_LANGUAGE_STANDARD = "gnu++14";
				CLANG_CXX_LIBRARY = "libc++";
				CLANG_ENABLE_MODULES = YES;
				CLANG_ENABLE_OBJC_ARC = YES;
				CLANG_ENABLE_OBJC_WEAK = YES;
				CLANG_WARN_BLOCK_CAPTURE_AUTORELEASING = YES;
				CLANG_WARN_BOOL_CONVERSION = YES;
				CLANG_WARN_COMMA = YES;
				CLANG_WARN_CONSTANT_CONVERSION = YES;
				CLANG_WARN_DEPRECATED_OBJC_IMPLEMENTATIONS = YES;
				CLANG_WARN_DIRECT_OBJC_ISA_USAGE = YES_ERROR;
				CLANG_WARN_DOCUMENTATION_COMMENTS = YES;
				CLANG_WARN_EMPTY_BODY = YES;
				CLANG_WARN_ENUM_CONVERSION = YES;
				CLANG_WARN_INFINITE_RECURSION = YES;
				CLANG_WARN_INT_CONVERSION = YES;
				CLANG_WARN_NON_LITERAL_NULL_CONVERSION = YES;
				CLANG_WARN_OBJC_IMPLICIT_RETAIN_SELF = YES;
				CLANG_WARN_OBJC_LITERAL_CONVERSION = YES;
				CLANG_WARN_OBJC_ROOT_CLASS = YES_ERROR;
				CLANG_WARN_RANGE_LOOP_ANALYSIS = YES;
				CLANG_WARN_STRICT_PROTOTYPES = YES;
				CLANG_WARN_SUSPICIOUS_MOVE = YES;
				CLANG_WARN_UNGUARDED_AVAILABILITY = YES_AGGRESSIVE;
				CLANG_WARN_UNREACHABLE_CODE = YES;
				CLANG_WARN__DUPLICATE_METHOD_MATCH = YES;
				COPY_PHASE_STRIP = NO;
				DEBUG_INFORMATION_FORMAT = "dwarf-with-dsym";
				ENABLE_NS_ASSERTIONS = NO;
				ENABLE_STRICT_OBJC_MSGSEND = YES;
				GCC_C_LANGUAGE_STANDARD = gnu11;
				GCC_NO_COMMON_BLOCKS = YES;
				GCC_WARN_64_TO_32_BIT_CONVERSION = YES;
				GCC_WARN_ABOUT_RETURN_TYPE = YES_ERROR;
				GCC_WARN_UNDECLARED_SELECTOR = YES;
				GCC_WARN_UNINITIALIZED_AUTOS = YES_AGGRESSIVE;
				GCC_WARN_UNUSED_FUNCTION = YES;
				GCC_WARN_UNUSED_VARIABLE = YES;
				IPHONEOS_DEPLOYMENT_TARGET = 13.5;
				MTL_ENABLE_DEBUG_INFO = NO;
				MTL_FAST_MATH = YES;
				SDKROOT = iphoneos;
				SWIFT_COMPILATION_MODE = wholemodule;
				SWIFT_OPTIMIZATION_LEVEL = "-O";
				VALIDATE_PRODUCT = YES;
			};
			name = Release;
		};
		A1CD39B92491D9D500E26A3C /* Debug */ = {
			isa = XCBuildConfiguration;
			baseConfigurationReference = 3A75FC6342FEF74C38671C67 /* Pods-ABC5BasicClient.debug.xcconfig */;
			buildSettings = {
				ASSETCATALOG_COMPILER_APPICON_NAME = AppIcon;
				CODE_SIGN_STYLE = Automatic;
				DEVELOPMENT_TEAM = 7D734D7EN3;
				INFOPLIST_FILE = ABC5BasicClient/Info.plist;
				LD_RUNPATH_SEARCH_PATHS = (
					"$(inherited)",
					"@executable_path/Frameworks",
				);
				PRODUCT_BUNDLE_IDENTIFIER = ada.ABC5BasicClient;
				PRODUCT_NAME = "$(TARGET_NAME)";
				SWIFT_VERSION = 5.0;
				TARGETED_DEVICE_FAMILY = "1,2";
			};
			name = Debug;
		};
		A1CD39BA2491D9D500E26A3C /* Release */ = {
			isa = XCBuildConfiguration;
			baseConfigurationReference = 2E0F5D545F83FA93E1B96758 /* Pods-ABC5BasicClient.release.xcconfig */;
			buildSettings = {
				ASSETCATALOG_COMPILER_APPICON_NAME = AppIcon;
				CODE_SIGN_STYLE = Automatic;
				DEVELOPMENT_TEAM = 7D734D7EN3;
				INFOPLIST_FILE = ABC5BasicClient/Info.plist;
				LD_RUNPATH_SEARCH_PATHS = (
					"$(inherited)",
					"@executable_path/Frameworks",
				);
				PRODUCT_BUNDLE_IDENTIFIER = ada.ABC5BasicClient;
				PRODUCT_NAME = "$(TARGET_NAME)";
				SWIFT_VERSION = 5.0;
				TARGETED_DEVICE_FAMILY = "1,2";
			};
			name = Release;
		};
/* End XCBuildConfiguration section */

/* Begin XCConfigurationList section */
		A1CD399B2491D9D300E26A3C /* Build configuration list for PBXProject "ABC5BasicClient" */ = {
			isa = XCConfigurationList;
			buildConfigurations = (
				A1CD39B62491D9D500E26A3C /* Debug */,
				A1CD39B72491D9D500E26A3C /* Release */,
			);
			defaultConfigurationIsVisible = 0;
			defaultConfigurationName = Release;
		};
		A1CD39B82491D9D500E26A3C /* Build configuration list for PBXNativeTarget "ABC5BasicClient" */ = {
			isa = XCConfigurationList;
			buildConfigurations = (
				A1CD39B92491D9D500E26A3C /* Debug */,
				A1CD39BA2491D9D500E26A3C /* Release */,
			);
			defaultConfigurationIsVisible = 0;
			defaultConfigurationName = Release;
		};
/* End XCConfigurationList section */
	};
	rootObject = A1CD39982491D9D300E26A3C /* Project object */;
}
