// !$*UTF8*$!
{
	archiveVersion = 1;
	classes = {
	};
	objectVersion = 51;
	objects = {

/* Begin PBXBuildFile section */
		A1CD39A42491D9D300E26A3C /* AppDelegate.swift in Sources */ = {isa = PBXBuildFile; fileRef = A1CD39A32491D9D300E26A3C /* AppDelegate.swift */; };
		A1CD39A62491D9D300E26A3C /* GameScene.sks in Resources */ = {isa = PBXBuildFile; fileRef = A1CD39A52491D9D300E26A3C /* GameScene.sks */; };
		A1CD39A82491D9D300E26A3C /* Actions.sks in Resources */ = {isa = PBXBuildFile; fileRef = A1CD39A72491D9D300E26A3C /* Actions.sks */; };
		A1CD39AA2491D9D300E26A3C /* GameScene.swift in Sources */ = {isa = PBXBuildFile; fileRef = A1CD39A92491D9D300E26A3C /* GameScene.swift */; };
		A1CD39AC2491D9D300E26A3C /* GameViewController.swift in Sources */ = {isa = PBXBuildFile; fileRef = A1CD39AB2491D9D300E26A3C /* GameViewController.swift */; };
		A1CD39AF2491D9D300E26A3C /* Main.storyboard in Resources */ = {isa = PBXBuildFile; fileRef = A1CD39AD2491D9D300E26A3C /* Main.storyboard */; };
		A1CD39B12491D9D500E26A3C /* Assets.xcassets in Resources */ = {isa = PBXBuildFile; fileRef = A1CD39B02491D9D500E26A3C /* Assets.xcassets */; };
		A1CD39B42491D9D500E26A3C /* LaunchScreen.storyboard in Resources */ = {isa = PBXBuildFile; fileRef = A1CD39B22491D9D500E26A3C /* LaunchScreen.storyboard */; };
		BAA490EE98D5DA7879D3C144 /* Pods_ABC5BasicClient.framework in Frameworks */ = {isa = PBXBuildFile; fileRef = 074A95C4FC9B89FB9DA37FC0 /* Pods_ABC5BasicClient.framework */; };
/* End PBXBuildFile section */

/* Begin PBXContainerItemProxy section */
		A1A36E362493CF7700988659 /* PBXContainerItemProxy */ = {
			isa = PBXContainerItemProxy;
			containerPortal = A1A36DF92493CF7600988659 /* ABC5BasicServer.xcodeproj */;
			proxyType = 2;
			remoteGlobalIDString = "COpenSSL::COpenSSL::Product";
			remoteInfo = COpenSSL;
		};
		A1A36E382493CF7700988659 /* PBXContainerItemProxy */ = {
			isa = PBXContainerItemProxy;
			containerPortal = A1A36DF92493CF7600988659 /* ABC5BasicServer.xcodeproj */;
			proxyType = 2;
			remoteGlobalIDString = "PerfectHTTPServer::PerfectCHTTPParser::Product";
			remoteInfo = PerfectCHTTPParser;
		};
		A1A36E3A2493CF7700988659 /* PBXContainerItemProxy */ = {
			isa = PBXContainerItemProxy;
			containerPortal = A1A36DF92493CF7600988659 /* ABC5BasicServer.xcodeproj */;
			proxyType = 2;
			remoteGlobalIDString = "PerfectCZlib::PerfectCZlib::Product";
			remoteInfo = PerfectCZlib;
		};
		A1A36E3C2493CF7700988659 /* PBXContainerItemProxy */ = {
			isa = PBXContainerItemProxy;
			containerPortal = A1A36DF92493CF7600988659 /* ABC5BasicServer.xcodeproj */;
			proxyType = 2;
			remoteGlobalIDString = "PerfectCrypto::PerfectCrypto::Product";
			remoteInfo = PerfectCrypto;
		};
		A1A36E3E2493CF7700988659 /* PBXContainerItemProxy */ = {
			isa = PBXContainerItemProxy;
			containerPortal = A1A36DF92493CF7600988659 /* ABC5BasicServer.xcodeproj */;
			proxyType = 2;
			remoteGlobalIDString = "PerfectHTTP::PerfectHTTP::Product";
			remoteInfo = PerfectHTTP;
		};
		A1A36E402493CF7700988659 /* PBXContainerItemProxy */ = {
			isa = PBXContainerItemProxy;
			containerPortal = A1A36DF92493CF7600988659 /* ABC5BasicServer.xcodeproj */;
			proxyType = 2;
			remoteGlobalIDString = "PerfectHTTPServer::PerfectHTTPServer::Product";
			remoteInfo = PerfectHTTPServer;
		};
		A1A36E422493CF7700988659 /* PBXContainerItemProxy */ = {
			isa = PBXContainerItemProxy;
			containerPortal = A1A36DF92493CF7600988659 /* ABC5BasicServer.xcodeproj */;
			proxyType = 2;
			remoteGlobalIDString = "PerfectLib::PerfectLib::Product";
			remoteInfo = PerfectLib;
		};
		A1A36E442493CF7700988659 /* PBXContainerItemProxy */ = {
			isa = PBXContainerItemProxy;
			containerPortal = A1A36DF92493CF7600988659 /* ABC5BasicServer.xcodeproj */;
			proxyType = 2;
			remoteGlobalIDString = "PerfectNet::PerfectNet::Product";
			remoteInfo = PerfectNet;
		};
		A1A36E462493CF7700988659 /* PBXContainerItemProxy */ = {
			isa = PBXContainerItemProxy;
			containerPortal = A1A36DF92493CF7600988659 /* ABC5BasicServer.xcodeproj */;
			proxyType = 2;
			remoteGlobalIDString = "ABC5BasicServer::PerfectTemplate::Product";
			remoteInfo = PerfectTemplate;
		};
		A1A36E482493CF7700988659 /* PBXContainerItemProxy */ = {
			isa = PBXContainerItemProxy;
			containerPortal = A1A36DF92493CF7600988659 /* ABC5BasicServer.xcodeproj */;
			proxyType = 2;
			remoteGlobalIDString = "PerfectThread::PerfectThread::Product";
			remoteInfo = PerfectThread;
		};
		A1A36E4A2493CF7700988659 /* PBXContainerItemProxy */ = {
			isa = PBXContainerItemProxy;
			containerPortal = A1A36DF92493CF7600988659 /* ABC5BasicServer.xcodeproj */;
			proxyType = 2;
			remoteGlobalIDString = "PerfectWebSockets::PerfectWebSockets::Product";
			remoteInfo = PerfectWebSockets;
		};
		A1CD39F72491E35900E26A3C /* PBXContainerItemProxy */ = {
			isa = PBXContainerItemProxy;
			containerPortal = A1CD39BB2491E35900E26A3C /* PerfectTemplate.xcodeproj */;
			proxyType = 2;
			remoteGlobalIDString = "COpenSSL::COpenSSL::Product";
			remoteInfo = COpenSSL;
		};
		A1CD39F92491E35900E26A3C /* PBXContainerItemProxy */ = {
			isa = PBXContainerItemProxy;
			containerPortal = A1CD39BB2491E35900E26A3C /* PerfectTemplate.xcodeproj */;
			proxyType = 2;
			remoteGlobalIDString = "PerfectHTTPServer::PerfectCHTTPParser::Product";
			remoteInfo = PerfectCHTTPParser;
		};
		A1CD39FB2491E35900E26A3C /* PBXContainerItemProxy */ = {
			isa = PBXContainerItemProxy;
			containerPortal = A1CD39BB2491E35900E26A3C /* PerfectTemplate.xcodeproj */;
			proxyType = 2;
			remoteGlobalIDString = "PerfectCZlib::PerfectCZlib::Product";
			remoteInfo = PerfectCZlib;
		};
		A1CD39FD2491E35900E26A3C /* PBXContainerItemProxy */ = {
			isa = PBXContainerItemProxy;
			containerPortal = A1CD39BB2491E35900E26A3C /* PerfectTemplate.xcodeproj */;
			proxyType = 2;
			remoteGlobalIDString = "PerfectCrypto::PerfectCrypto::Product";
			remoteInfo = PerfectCrypto;
		};
		A1CD39FF2491E35900E26A3C /* PBXContainerItemProxy */ = {
			isa = PBXContainerItemProxy;
			containerPortal = A1CD39BB2491E35900E26A3C /* PerfectTemplate.xcodeproj */;
			proxyType = 2;
			remoteGlobalIDString = "PerfectHTTP::PerfectHTTP::Product";
			remoteInfo = PerfectHTTP;
		};
		A1CD3A012491E35900E26A3C /* PBXContainerItemProxy */ = {
			isa = PBXContainerItemProxy;
			containerPortal = A1CD39BB2491E35900E26A3C /* PerfectTemplate.xcodeproj */;
			proxyType = 2;
			remoteGlobalIDString = "PerfectHTTPServer::PerfectHTTPServer::Product";
			remoteInfo = PerfectHTTPServer;
		};
		A1CD3A032491E35900E26A3C /* PBXContainerItemProxy */ = {
			isa = PBXContainerItemProxy;
			containerPortal = A1CD39BB2491E35900E26A3C /* PerfectTemplate.xcodeproj */;
			proxyType = 2;
			remoteGlobalIDString = "PerfectLib::PerfectLib::Product";
			remoteInfo = PerfectLib;
		};
		A1CD3A052491E35900E26A3C /* PBXContainerItemProxy */ = {
			isa = PBXContainerItemProxy;
			containerPortal = A1CD39BB2491E35900E26A3C /* PerfectTemplate.xcodeproj */;
			proxyType = 2;
			remoteGlobalIDString = "PerfectNet::PerfectNet::Product";
			remoteInfo = PerfectNet;
		};
		A1CD3A072491E35900E26A3C /* PBXContainerItemProxy */ = {
			isa = PBXContainerItemProxy;
			containerPortal = A1CD39BB2491E35900E26A3C /* PerfectTemplate.xcodeproj */;
			proxyType = 2;
			remoteGlobalIDString = "PerfectTemplate::PerfectTemplate::Product";
			remoteInfo = PerfectTemplate;
		};
		A1CD3A092491E35900E26A3C /* PBXContainerItemProxy */ = {
			isa = PBXContainerItemProxy;
			containerPortal = A1CD39BB2491E35900E26A3C /* PerfectTemplate.xcodeproj */;
			proxyType = 2;
			remoteGlobalIDString = "PerfectThread::PerfectThread::Product";
			remoteInfo = PerfectThread;
		};
		A1CD3A0B2491E35900E26A3C /* PBXContainerItemProxy */ = {
			isa = PBXContainerItemProxy;
			containerPortal = A1CD39BB2491E35900E26A3C /* PerfectTemplate.xcodeproj */;
			proxyType = 2;
			remoteGlobalIDString = "PerfectWebSockets::PerfectWebSockets::Product";
			remoteInfo = PerfectWebSockets;
		};
/* End PBXContainerItemProxy section */

/* Begin PBXFileReference section */
		074A95C4FC9B89FB9DA37FC0 /* Pods_ABC5BasicClient.framework */ = {isa = PBXFileReference; explicitFileType = wrapper.framework; includeInIndex = 0; path = Pods_ABC5BasicClient.framework; sourceTree = BUILT_PRODUCTS_DIR; };
		2E0F5D545F83FA93E1B96758 /* Pods-ABC5BasicClient.release.xcconfig */ = {isa = PBXFileReference; includeInIndex = 1; lastKnownFileType = text.xcconfig; name = "Pods-ABC5BasicClient.release.xcconfig"; path = "Target Support Files/Pods-ABC5BasicClient/Pods-ABC5BasicClient.release.xcconfig"; sourceTree = "<group>"; };
		3A75FC6342FEF74C38671C67 /* Pods-ABC5BasicClient.debug.xcconfig */ = {isa = PBXFileReference; includeInIndex = 1; lastKnownFileType = text.xcconfig; name = "Pods-ABC5BasicClient.debug.xcconfig"; path = "Target Support Files/Pods-ABC5BasicClient/Pods-ABC5BasicClient.debug.xcconfig"; sourceTree = "<group>"; };
		A1A36DF92493CF7600988659 /* ABC5BasicServer.xcodeproj */ = {isa = PBXFileReference; lastKnownFileType = "wrapper.pb-project"; name = ABC5BasicServer.xcodeproj; path = ../../ABC5BasicServer/ABC5BasicServer.xcodeproj; sourceTree = "<group>"; };
		A1CD39A02491D9D300E26A3C /* ABC5BasicClient.app */ = {isa = PBXFileReference; explicitFileType = wrapper.application; includeInIndex = 0; path = ABC5BasicClient.app; sourceTree = BUILT_PRODUCTS_DIR; };
		A1CD39A32491D9D300E26A3C /* AppDelegate.swift */ = {isa = PBXFileReference; lastKnownFileType = sourcecode.swift; path = AppDelegate.swift; sourceTree = "<group>"; };
		A1CD39A52491D9D300E26A3C /* GameScene.sks */ = {isa = PBXFileReference; lastKnownFileType = file.sks; path = GameScene.sks; sourceTree = "<group>"; };
		A1CD39A72491D9D300E26A3C /* Actions.sks */ = {isa = PBXFileReference; lastKnownFileType = file.sks; path = Actions.sks; sourceTree = "<group>"; };
		A1CD39A92491D9D300E26A3C /* GameScene.swift */ = {isa = PBXFileReference; lastKnownFileType = sourcecode.swift; path = GameScene.swift; sourceTree = "<group>"; };
		A1CD39AB2491D9D300E26A3C /* GameViewController.swift */ = {isa = PBXFileReference; lastKnownFileType = sourcecode.swift; path = GameViewController.swift; sourceTree = "<group>"; };
		A1CD39AE2491D9D300E26A3C /* Base */ = {isa = PBXFileReference; lastKnownFileType = file.storyboard; name = Base; path = Base.lproj/Main.storyboard; sourceTree = "<group>"; };
		A1CD39B02491D9D500E26A3C /* Assets.xcassets */ = {isa = PBXFileReference; lastKnownFileType = folder.assetcatalog; path = Assets.xcassets; sourceTree = "<group>"; };
		A1CD39B32491D9D500E26A3C /* Base */ = {isa = PBXFileReference; lastKnownFileType = file.storyboard; name = Base; path = Base.lproj/LaunchScreen.storyboard; sourceTree = "<group>"; };
		A1CD39B52491D9D500E26A3C /* Info.plist */ = {isa = PBXFileReference; lastKnownFileType = text.plist.xml; path = Info.plist; sourceTree = "<group>"; };
		A1CD39BB2491E35900E26A3C /* PerfectTemplate.xcodeproj */ = {isa = PBXFileReference; lastKnownFileType = "wrapper.pb-project"; name = PerfectTemplate.xcodeproj; path = ../ABC5BasicServer/PerfectTemplate.xcodeproj; sourceTree = "<group>"; };
/* End PBXFileReference section */

/* Begin PBXFrameworksBuildPhase section */
		A1CD399D2491D9D300E26A3C /* Frameworks */ = {
			isa = PBXFrameworksBuildPhase;
			buildActionMask = 2147483647;
			files = (
				BAA490EE98D5DA7879D3C144 /* Pods_ABC5BasicClient.framework in Frameworks */,
			);
			runOnlyForDeploymentPostprocessing = 0;
		};
/* End PBXFrameworksBuildPhase section */

/* Begin PBXGroup section */
		22082B7147B4B0F63950B858 /* Frameworks */ = {
			isa = PBXGroup;
			children = (
				074A95C4FC9B89FB9DA37FC0 /* Pods_ABC5BasicClient.framework */,
			);
			name = Frameworks;
			sourceTree = "<group>";
		};
		A1A36DFA2493CF7600988659 /* Products */ = {
			isa = PBXGroup;
			children = (
				A1A36E372493CF7700988659 /* COpenSSL.framework */,
				A1A36E392493CF7700988659 /* PerfectCHTTPParser.framework */,
				A1A36E3B2493CF7700988659 /* PerfectCZlib.framework */,
				A1A36E3D2493CF7700988659 /* PerfectCrypto.framework */,
				A1A36E3F2493CF7700988659 /* PerfectHTTP.framework */,
				A1A36E412493CF7700988659 /* PerfectHTTPServer.framework */,
				A1A36E432493CF7700988659 /* PerfectLib.framework */,
				A1A36E452493CF7700988659 /* PerfectNet.framework */,
				A1A36E472493CF7700988659 /* PerfectTemplate */,
				A1A36E492493CF7700988659 /* PerfectThread.framework */,
				A1A36E4B2493CF7700988659 /* PerfectWebSockets.framework */,
			);
			name = Products;
			sourceTree = "<group>";
		};
		A1CD39972491D9D300E26A3C = {
			isa = PBXGroup;
			children = (
				A1CD39A22491D9D300E26A3C /* ABC5BasicClient */,
				A1CD39A12491D9D300E26A3C /* Products */,
				A1CD39BB2491E35900E26A3C /* PerfectTemplate.xcodeproj */,
				D325D040CBF6A59D69DE158F /* Pods */,
				22082B7147B4B0F63950B858 /* Frameworks */,
			);
			sourceTree = "<group>";
		};
		A1CD39A12491D9D300E26A3C /* Products */ = {
			isa = PBXGroup;
			children = (
				A1CD39A02491D9D300E26A3C /* ABC5BasicClient.app */,
			);
			name = Products;
			sourceTree = "<group>";
		};
		A1CD39A22491D9D300E26A3C /* ABC5BasicClient */ = {
			isa = PBXGroup;
			children = (
				A1CD39A32491D9D300E26A3C /* AppDelegate.swift */,
				A1CD39A52491D9D300E26A3C /* GameScene.sks */,
				A1CD39A72491D9D300E26A3C /* Actions.sks */,
				A1CD39A92491D9D300E26A3C /* GameScene.swift */,
				A1CD39AB2491D9D300E26A3C /* GameViewController.swift */,
				A1CD39AD2491D9D300E26A3C /* Main.storyboard */,
				A1A36DF92493CF7600988659 /* ABC5BasicServer.xcodeproj */,
				A1CD39B02491D9D500E26A3C /* Assets.xcassets */,
				A1CD39B22491D9D500E26A3C /* LaunchScreen.storyboard */,
				A1CD39B52491D9D500E26A3C /* Info.plist */,
			);
			path = ABC5BasicClient;
			sourceTree = "<group>";
		};
		A1CD39BC2491E35900E26A3C /* Products */ = {
			isa = PBXGroup;
			children = (
				A1CD39F82491E35900E26A3C /* COpenSSL.framework */,
				A1CD39FA2491E35900E26A3C /* PerfectCHTTPParser.framework */,
				A1CD39FC2491E35900E26A3C /* PerfectCZlib.framework */,
				A1CD39FE2491E35900E26A3C /* PerfectCrypto.framework */,
				A1CD3A002491E35900E26A3C /* PerfectHTTP.framework */,
				A1CD3A022491E35900E26A3C /* PerfectHTTPServer.framework */,
				A1CD3A042491E35900E26A3C /* PerfectLib.framework */,
				A1CD3A062491E35900E26A3C /* PerfectNet.framework */,
				A1CD3A082491E35900E26A3C /* PerfectTemplate */,
				A1CD3A0A2491E35900E26A3C /* PerfectThread.framework */,
				A1CD3A0C2491E35900E26A3C /* PerfectWebSockets.framework */,
			);
			name = Products;
			sourceTree = "<group>";
		};
		D325D040CBF6A59D69DE158F /* Pods */ = {
			isa = PBXGroup;
			children = (
				3A75FC6342FEF74C38671C67 /* Pods-ABC5BasicClient.debug.xcconfig */,
				2E0F5D545F83FA93E1B96758 /* Pods-ABC5BasicClient.release.xcconfig */,
			);
			path = Pods;
			sourceTree = "<group>";
		};
/* End PBXGroup section */

/* Begin PBXNativeTarget section */
		A1CD399F2491D9D300E26A3C /* ABC5BasicClient */ = {
			isa = PBXNativeTarget;
			buildConfigurationList = A1CD39B82491D9D500E26A3C /* Build configuration list for PBXNativeTarget "ABC5BasicClient" */;
			buildPhases = (
				5185B15849B8C3DA4718BC18 /* [CP] Check Pods Manifest.lock */,
				A1CD399C2491D9D300E26A3C /* Sources */,
				A1CD399D2491D9D300E26A3C /* Frameworks */,
				A1CD399E2491D9D300E26A3C /* Resources */,
				7E5F0497B77954BD04B8B4D7 /* [CP] Embed Pods Frameworks */,
			);
			buildRules = (
			);
			dependencies = (
			);
			name = ABC5BasicClient;
			productName = ABC5BasicClient;
			productReference = A1CD39A02491D9D300E26A3C /* ABC5BasicClient.app */;
			productType = "com.apple.product-type.application";
		};
/* End PBXNativeTarget section */

/* Begin PBXProject section */
		A1CD39982491D9D300E26A3C /* Project object */ = {
			isa = PBXProject;
			attributes = {
				LastSwiftUpdateCheck = 1150;
				LastUpgradeCheck = 1150;
				ORGANIZATIONNAME = ADA;
				TargetAttributes = {
					A1CD399F2491D9D300E26A3C = {
						CreatedOnToolsVersion = 11.5;
					};
				};
			};
			buildConfigurationList = A1CD399B2491D9D300E26A3C /* Build configuration list for PBXProject "ABC5BasicClient" */;
			compatibilityVersion = "Xcode 9.3";
			developmentRegion = en;
			hasScannedForEncodings = 0;
			knownRegions = (
				en,
				Base,
			);
			mainGroup = A1CD39972491D9D300E26A3C;
			productRefGroup = A1CD39A12491D9D300E26A3C /* Products */;
			projectDirPath = "";
			projectReferences = (
				{
					ProductGroup = A1A36DFA2493CF7600988659 /* Products */;
					ProjectRef = A1A36DF92493CF7600988659 /* ABC5BasicServer.xcodeproj */;
				},
				{
					ProductGroup = A1CD39BC2491E35900E26A3C /* Products */;
					ProjectRef = A1CD39BB2491E35900E26A3C /* PerfectTemplate.xcodeproj */;
				},
			);
			projectRoot = "";
			targets = (
				A1CD399F2491D9D300E26A3C /* ABC5BasicClient */,
			);
		};
/* End PBXProject section */

/* Begin PBXReferenceProxy section */
		A1A36E372493CF7700988659 /* COpenSSL.framework */ = {
			isa = PBXReferenceProxy;
			fileType = wrapper.framework;
			path = COpenSSL.framework;
			remoteRef = A1A36E362493CF7700988659 /* PBXContainerItemProxy */;
			sourceTree = BUILT_PRODUCTS_DIR;
		};
		A1A36E392493CF7700988659 /* PerfectCHTTPParser.framework */ = {
			isa = PBXReferenceProxy;
			fileType = wrapper.framework;
			path = PerfectCHTTPParser.framework;
			remoteRef = A1A36E382493CF7700988659 /* PBXContainerItemProxy */;
			sourceTree = BUILT_PRODUCTS_DIR;
		};
		A1A36E3B2493CF7700988659 /* PerfectCZlib.framework */ = {
			isa = PBXReferenceProxy;
			fileType = wrapper.framework;
			path = PerfectCZlib.framework;
			remoteRef = A1A36E3A2493CF7700988659 /* PBXContainerItemProxy */;
			sourceTree = BUILT_PRODUCTS_DIR;
		};
		A1A36E3D2493CF7700988659 /* PerfectCrypto.framework */ = {
			isa = PBXReferenceProxy;
			fileType = wrapper.framework;
			path = PerfectCrypto.framework;
			remoteRef = A1A36E3C2493CF7700988659 /* PBXContainerItemProxy */;
			sourceTree = BUILT_PRODUCTS_DIR;
		};
		A1A36E3F2493CF7700988659 /* PerfectHTTP.framework */ = {
			isa = PBXReferenceProxy;
			fileType = wrapper.framework;
			path = PerfectHTTP.framework;
			remoteRef = A1A36E3E2493CF7700988659 /* PBXContainerItemProxy */;
			sourceTree = BUILT_PRODUCTS_DIR;
		};
		A1A36E412493CF7700988659 /* PerfectHTTPServer.framework */ = {
			isa = PBXReferenceProxy;
			fileType = wrapper.framework;
			path = PerfectHTTPServer.framework;
			remoteRef = A1A36E402493CF7700988659 /* PBXContainerItemProxy */;
			sourceTree = BUILT_PRODUCTS_DIR;
		};
		A1A36E432493CF7700988659 /* PerfectLib.framework */ = {
			isa = PBXReferenceProxy;
			fileType = wrapper.framework;
			path = PerfectLib.framework;
			remoteRef = A1A36E422493CF7700988659 /* PBXContainerItemProxy */;
			sourceTree = BUILT_PRODUCTS_DIR;
		};
		A1A36E452493CF7700988659 /* PerfectNet.framework */ = {
			isa = PBXReferenceProxy;
			fileType = wrapper.framework;
			path = PerfectNet.framework;
			remoteRef = A1A36E442493CF7700988659 /* PBXContainerItemProxy */;
			sourceTree = BUILT_PRODUCTS_DIR;
		};
		A1A36E472493CF7700988659 /* PerfectTemplate */ = {
			isa = PBXReferenceProxy;
			fileType = text;
			path = PerfectTemplate;
			remoteRef = A1A36E462493CF7700988659 /* PBXContainerItemProxy */;
			sourceTree = BUILT_PRODUCTS_DIR;
		};
		A1A36E492493CF7700988659 /* PerfectThread.framework */ = {
			isa = PBXReferenceProxy;
			fileType = wrapper.framework;
			path = PerfectThread.framework;
			remoteRef = A1A36E482493CF7700988659 /* PBXContainerItemProxy */;
			sourceTree = BUILT_PRODUCTS_DIR;
		};
		A1A36E4B2493CF7700988659 /* PerfectWebSockets.framework */ = {
			isa = PBXReferenceProxy;
			fileType = wrapper.framework;
			path = PerfectWebSockets.framework;
			remoteRef = A1A36E4A2493CF7700988659 /* PBXContainerItemProxy */;
			sourceTree = BUILT_PRODUCTS_DIR;
		};
		A1CD39F82491E35900E26A3C /* COpenSSL.framework */ = {
			isa = PBXReferenceProxy;
			fileType = wrapper.framework;
			path = COpenSSL.framework;
			remoteRef = A1CD39F72491E35900E26A3C /* PBXContainerItemProxy */;
			sourceTree = BUILT_PRODUCTS_DIR;
		};
		A1CD39FA2491E35900E26A3C /* PerfectCHTTPParser.framework */ = {
			isa = PBXReferenceProxy;
			fileType = wrapper.framework;
			path = PerfectCHTTPParser.framework;
			remoteRef = A1CD39F92491E35900E26A3C /* PBXContainerItemProxy */;
			sourceTree = BUILT_PRODUCTS_DIR;
		};
		A1CD39FC2491E35900E26A3C /* PerfectCZlib.framework */ = {
			isa = PBXReferenceProxy;
			fileType = wrapper.framework;
			path = PerfectCZlib.framework;
			remoteRef = A1CD39FB2491E35900E26A3C /* PBXContainerItemProxy */;
			sourceTree = BUILT_PRODUCTS_DIR;
		};
		A1CD39FE2491E35900E26A3C /* PerfectCrypto.framework */ = {
			isa = PBXReferenceProxy;
			fileType = wrapper.framework;
			path = PerfectCrypto.framework;
			remoteRef = A1CD39FD2491E35900E26A3C /* PBXContainerItemProxy */;
			sourceTree = BUILT_PRODUCTS_DIR;
		};
		A1CD3A002491E35900E26A3C /* PerfectHTTP.framework */ = {
			isa = PBXReferenceProxy;
			fileType = wrapper.framework;
			path = PerfectHTTP.framework;
			remoteRef = A1CD39FF2491E35900E26A3C /* PBXContainerItemProxy */;
			sourceTree = BUILT_PRODUCTS_DIR;
		};
		A1CD3A022491E35900E26A3C /* PerfectHTTPServer.framework */ = {
			isa = PBXReferenceProxy;
			fileType = wrapper.framework;
			path = PerfectHTTPServer.framework;
			remoteRef = A1CD3A012491E35900E26A3C /* PBXContainerItemProxy */;
			sourceTree = BUILT_PRODUCTS_DIR;
		};
		A1CD3A042491E35900E26A3C /* PerfectLib.framework */ = {
			isa = PBXReferenceProxy;
			fileType = wrapper.framework;
			path = PerfectLib.framework;
			remoteRef = A1CD3A032491E35900E26A3C /* PBXContainerItemProxy */;
			sourceTree = BUILT_PRODUCTS_DIR;
		};
		A1CD3A062491E35900E26A3C /* PerfectNet.framework */ = {
			isa = PBXReferenceProxy;
			fileType = wrapper.framework;
			path = PerfectNet.framework;
			remoteRef = A1CD3A052491E35900E26A3C /* PBXContainerItemProxy */;
			sourceTree = BUILT_PRODUCTS_DIR;
		};
		A1CD3A082491E35900E26A3C /* PerfectTemplate */ = {
			isa = PBXReferenceProxy;
			fileType = text;
			path = PerfectTemplate;
			remoteRef = A1CD3A072491E35900E26A3C /* PBXContainerItemProxy */;
			sourceTree = BUILT_PRODUCTS_DIR;
		};
		A1CD3A0A2491E35900E26A3C /* PerfectThread.framework */ = {
			isa = PBXReferenceProxy;
			fileType = wrapper.framework;
			path = PerfectThread.framework;
			remoteRef = A1CD3A092491E35900E26A3C /* PBXContainerItemProxy */;
			sourceTree = BUILT_PRODUCTS_DIR;
		};
		A1CD3A0C2491E35900E26A3C /* PerfectWebSockets.framework */ = {
			isa = PBXReferenceProxy;
			fileType = wrapper.framework;
			path = PerfectWebSockets.framework;
			remoteRef = A1CD3A0B2491E35900E26A3C /* PBXContainerItemProxy */;
			sourceTree = BUILT_PRODUCTS_DIR;
		};
/* End PBXReferenceProxy section */

/* Begin PBXResourcesBuildPhase section */
		A1CD399E2491D9D300E26A3C /* Resources */ = {
			isa = PBXResourcesBuildPhase;
			buildActionMask = 2147483647;
			files = (
				A1CD39AF2491D9D300E26A3C /* Main.storyboard in Resources */,
				A1CD39A62491D9D300E26A3C /* GameScene.sks in Resources */,
				A1CD39B12491D9D500E26A3C /* Assets.xcassets in Resources */,
				A1CD39B42491D9D500E26A3C /* LaunchScreen.storyboard in Resources */,
				A1CD39A82491D9D300E26A3C /* Actions.sks in Resources */,
			);
			runOnlyForDeploymentPostprocessing = 0;
		};
/* End PBXResourcesBuildPhase section */

/* Begin PBXShellScriptBuildPhase section */
		5185B15849B8C3DA4718BC18 /* [CP] Check Pods Manifest.lock */ = {
			isa = PBXShellScriptBuildPhase;
			buildActionMask = 2147483647;
			files = (
			);
			inputFileListPaths = (
			);
			inputPaths = (
				"${PODS_PODFILE_DIR_PATH}/Podfile.lock",
				"${PODS_ROOT}/Manifest.lock",
			);
			name = "[CP] Check Pods Manifest.lock";
			outputFileListPaths = (
			);
			outputPaths = (
				"$(DERIVED_FILE_DIR)/Pods-ABC5BasicClient-checkManifestLockResult.txt",
			);
			runOnlyForDeploymentPostprocessing = 0;
			shellPath = /bin/sh;
			shellScript = "diff \"${PODS_PODFILE_DIR_PATH}/Podfile.lock\" \"${PODS_ROOT}/Manifest.lock\" > /dev/null\nif [ $? != 0 ] ; then\n    # print error to STDERR\n    echo \"error: The sandbox is not in sync with the Podfile.lock. Run 'pod install' or update your CocoaPods installation.\" >&2\n    exit 1\nfi\n# This output is used by Xcode 'outputs' to avoid re-running this script phase.\necho \"SUCCESS\" > \"${SCRIPT_OUTPUT_FILE_0}\"\n";
			showEnvVarsInLog = 0;
		};
		7E5F0497B77954BD04B8B4D7 /* [CP] Embed Pods Frameworks */ = {
			isa = PBXShellScriptBuildPhase;
			buildActionMask = 2147483647;
			files = (
			);
			inputFileListPaths = (
				"${PODS_ROOT}/Target Support Files/Pods-ABC5BasicClient/Pods-ABC5BasicClient-frameworks-${CONFIGURATION}-input-files.xcfilelist",
			);
			name = "[CP] Embed Pods Frameworks";
			outputFileListPaths = (
				"${PODS_ROOT}/Target Support Files/Pods-ABC5BasicClient/Pods-ABC5BasicClient-frameworks-${CONFIGURATION}-output-files.xcfilelist",
			);
			runOnlyForDeploymentPostprocessing = 0;
			shellPath = /bin/sh;
			shellScript = "\"${PODS_ROOT}/Target Support Files/Pods-ABC5BasicClient/Pods-ABC5BasicClient-frameworks.sh\"\n";
			showEnvVarsInLog = 0;
		};
/* End PBXShellScriptBuildPhase section */

/* Begin PBXSourcesBuildPhase section */
		A1CD399C2491D9D300E26A3C /* Sources */ = {
			isa = PBXSourcesBuildPhase;
			buildActionMask = 2147483647;
			files = (
				A1CD39AA2491D9D300E26A3C /* GameScene.swift in Sources */,
				A1CD39AC2491D9D300E26A3C /* GameViewController.swift in Sources */,
				A1CD39A42491D9D300E26A3C /* AppDelegate.swift in Sources */,
			);
			runOnlyForDeploymentPostprocessing = 0;
		};
/* End PBXSourcesBuildPhase section */

/* Begin PBXVariantGroup section */
		A1CD39AD2491D9D300E26A3C /* Main.storyboard */ = {
			isa = PBXVariantGroup;
			children = (
				A1CD39AE2491D9D300E26A3C /* Base */,
			);
			name = Main.storyboard;
			sourceTree = "<group>";
		};
		A1CD39B22491D9D500E26A3C /* LaunchScreen.storyboard */ = {
			isa = PBXVariantGroup;
			children = (
				A1CD39B32491D9D500E26A3C /* Base */,
			);
			name = LaunchScreen.storyboard;
			sourceTree = "<group>";
		};
/* End PBXVariantGroup section */

/* Begin XCBuildConfiguration section */
		A1CD39B62491D9D500E26A3C /* Debug */ = {
			isa = XCBuildConfiguration;
			buildSettings = {
				ALWAYS_SEARCH_USER_PATHS = NO;
				CLANG_ANALYZER_NONNULL = YES;
				CLANG_ANALYZER_NUMBER_OBJECT_CONVERSION = YES_AGGRESSIVE;
				CLANG_CXX_LANGUAGE_STANDARD = "gnu++14";
				CLANG_CXX_LIBRARY = "libc++";
				CLANG_ENABLE_MODULES = YES;
				CLANG_ENABLE_OBJC_ARC = YES;
				CLANG_ENABLE_OBJC_WEAK = YES;
				CLANG_WARN_BLOCK_CAPTURE_AUTORELEASING = YES;
				CLANG_WARN_BOOL_CONVERSION = YES;
				CLANG_WARN_COMMA = YES;
				CLANG_WARN_CONSTANT_CONVERSION = YES;
				CLANG_WARN_DEPRECATED_OBJC_IMPLEMENTATIONS = YES;
				CLANG_WARN_DIRECT_OBJC_ISA_USAGE = YES_ERROR;
				CLANG_WARN_DOCUMENTATION_COMMENTS = YES;
				CLANG_WARN_EMPTY_BODY = YES;
				CLANG_WARN_ENUM_CONVERSION = YES;
				CLANG_WARN_INFINITE_RECURSION = YES;
				CLANG_WARN_INT_CONVERSION = YES;
				CLANG_WARN_NON_LITERAL_NULL_CONVERSION = YES;
				CLANG_WARN_OBJC_IMPLICIT_RETAIN_SELF = YES;
				CLANG_WARN_OBJC_LITERAL_CONVERSION = YES;
				CLANG_WARN_OBJC_ROOT_CLASS = YES_ERROR;
				CLANG_WARN_RANGE_LOOP_ANALYSIS = YES;
				CLANG_WARN_STRICT_PROTOTYPES = YES;
				CLANG_WARN_SUSPICIOUS_MOVE = YES;
				CLANG_WARN_UNGUARDED_AVAILABILITY = YES_AGGRESSIVE;
				CLANG_WARN_UNREACHABLE_CODE = YES;
				CLANG_WARN__DUPLICATE_METHOD_MATCH = YES;
				COPY_PHASE_STRIP = NO;
				DEBUG_INFORMATION_FORMAT = dwarf;
				ENABLE_STRICT_OBJC_MSGSEND = YES;
				ENABLE_TESTABILITY = YES;
				GCC_C_LANGUAGE_STANDARD = gnu11;
				GCC_DYNAMIC_NO_PIC = NO;
				GCC_NO_COMMON_BLOCKS = YES;
				GCC_OPTIMIZATION_LEVEL = 0;
				GCC_PREPROCESSOR_DEFINITIONS = (
					"DEBUG=1",
					"$(inherited)",
				);
				GCC_WARN_64_TO_32_BIT_CONVERSION = YES;
				GCC_WARN_ABOUT_RETURN_TYPE = YES_ERROR;
				GCC_WARN_UNDECLARED_SELECTOR = YES;
				GCC_WARN_UNINITIALIZED_AUTOS = YES_AGGRESSIVE;
				GCC_WARN_UNUSED_FUNCTION = YES;
				GCC_WARN_UNUSED_VARIABLE = YES;
				IPHONEOS_DEPLOYMENT_TARGET = 13.5;
				MTL_ENABLE_DEBUG_INFO = INCLUDE_SOURCE;
				MTL_FAST_MATH = YES;
				ONLY_ACTIVE_ARCH = YES;
				SDKROOT = iphoneos;
				SWIFT_ACTIVE_COMPILATION_CONDITIONS = DEBUG;
				SWIFT_OPTIMIZATION_LEVEL = "-Onone";
			};
			name = Debug;
		};
		A1CD39B72491D9D500E26A3C /* Release */ = {
			isa = XCBuildConfiguration;
			buildSettings = {
				ALWAYS_SEARCH_USER_PATHS = NO;
				CLANG_ANALYZER_NONNULL = YES;
				CLANG_ANALYZER_NUMBER_OBJECT_CONVERSION = YES_AGGRESSIVE;
				CLANG_CXX_LANGUAGE_STANDARD = "gnu++14";
				CLANG_CXX_LIBRARY = "libc++";
				CLANG_ENABLE_MODULES = YES;
				CLANG_ENABLE_OBJC_ARC = YES;
				CLANG_ENABLE_OBJC_WEAK = YES;
				CLANG_WARN_BLOCK_CAPTURE_AUTORELEASING = YES;
				CLANG_WARN_BOOL_CONVERSION = YES;
				CLANG_WARN_COMMA = YES;
				CLANG_WARN_CONSTANT_CONVERSION = YES;
				CLANG_WARN_DEPRECATED_OBJC_IMPLEMENTATIONS = YES;
				CLANG_WARN_DIRECT_OBJC_ISA_USAGE = YES_ERROR;
				CLANG_WARN_DOCUMENTATION_COMMENTS = YES;
				CLANG_WARN_EMPTY_BODY = YES;
				CLANG_WARN_ENUM_CONVERSION = YES;
				CLANG_WARN_INFINITE_RECURSION = YES;
				CLANG_WARN_INT_CONVERSION = YES;
				CLANG_WARN_NON_LITERAL_NULL_CONVERSION = YES;
				CLANG_WARN_OBJC_IMPLICIT_RETAIN_SELF = YES;
				CLANG_WARN_OBJC_LITERAL_CONVERSION = YES;
				CLANG_WARN_OBJC_ROOT_CLASS = YES_ERROR;
				CLANG_WARN_RANGE_LOOP_ANALYSIS = YES;
				CLANG_WARN_STRICT_PROTOTYPES = YES;
				CLANG_WARN_SUSPICIOUS_MOVE = YES;
				CLANG_WARN_UNGUARDED_AVAILABILITY = YES_AGGRESSIVE;
				CLANG_WARN_UNREACHABLE_CODE = YES;
				CLANG_WARN__DUPLICATE_METHOD_MATCH = YES;
				COPY_PHASE_STRIP = NO;
				DEBUG_INFORMATION_FORMAT = "dwarf-with-dsym";
				ENABLE_NS_ASSERTIONS = NO;
				ENABLE_STRICT_OBJC_MSGSEND = YES;
				GCC_C_LANGUAGE_STANDARD = gnu11;
				GCC_NO_COMMON_BLOCKS = YES;
				GCC_WARN_64_TO_32_BIT_CONVERSION = YES;
				GCC_WARN_ABOUT_RETURN_TYPE = YES_ERROR;
				GCC_WARN_UNDECLARED_SELECTOR = YES;
				GCC_WARN_UNINITIALIZED_AUTOS = YES_AGGRESSIVE;
				GCC_WARN_UNUSED_FUNCTION = YES;
				GCC_WARN_UNUSED_VARIABLE = YES;
				IPHONEOS_DEPLOYMENT_TARGET = 13.5;
				MTL_ENABLE_DEBUG_INFO = NO;
				MTL_FAST_MATH = YES;
				SDKROOT = iphoneos;
				SWIFT_COMPILATION_MODE = wholemodule;
				SWIFT_OPTIMIZATION_LEVEL = "-O";
				VALIDATE_PRODUCT = YES;
			};
			name = Release;
		};
		A1CD39B92491D9D500E26A3C /* Debug */ = {
			isa = XCBuildConfiguration;
			baseConfigurationReference = 3A75FC6342FEF74C38671C67 /* Pods-ABC5BasicClient.debug.xcconfig */;
			buildSettings = {
				ASSETCATALOG_COMPILER_APPICON_NAME = AppIcon;
				CODE_SIGN_STYLE = Automatic;
				DEVELOPMENT_TEAM = 7D734D7EN3;
				INFOPLIST_FILE = ABC5BasicClient/Info.plist;
				LD_RUNPATH_SEARCH_PATHS = (
					"$(inherited)",
					"@executable_path/Frameworks",
				);
				PRODUCT_BUNDLE_IDENTIFIER = ada.ABC5BasicClient;
				PRODUCT_NAME = "$(TARGET_NAME)";
				SWIFT_VERSION = 5.0;
				TARGETED_DEVICE_FAMILY = "1,2";
			};
			name = Debug;
		};
		A1CD39BA2491D9D500E26A3C /* Release */ = {
			isa = XCBuildConfiguration;
			baseConfigurationReference = 2E0F5D545F83FA93E1B96758 /* Pods-ABC5BasicClient.release.xcconfig */;
			buildSettings = {
				ASSETCATALOG_COMPILER_APPICON_NAME = AppIcon;
				CODE_SIGN_STYLE = Automatic;
				DEVELOPMENT_TEAM = 7D734D7EN3;
				INFOPLIST_FILE = ABC5BasicClient/Info.plist;
				LD_RUNPATH_SEARCH_PATHS = (
					"$(inherited)",
					"@executable_path/Frameworks",
				);
				PRODUCT_BUNDLE_IDENTIFIER = ada.ABC5BasicClient;
				PRODUCT_NAME = "$(TARGET_NAME)";
				SWIFT_VERSION = 5.0;
				TARGETED_DEVICE_FAMILY = "1,2";
			};
			name = Release;
		};
/* End XCBuildConfiguration section */

/* Begin XCConfigurationList section */
		A1CD399B2491D9D300E26A3C /* Build configuration list for PBXProject "ABC5BasicClient" */ = {
			isa = XCConfigurationList;
			buildConfigurations = (
				A1CD39B62491D9D500E26A3C /* Debug */,
				A1CD39B72491D9D500E26A3C /* Release */,
			);
			defaultConfigurationIsVisible = 0;
			defaultConfigurationName = Release;
		};
		A1CD39B82491D9D500E26A3C /* Build configuration list for PBXNativeTarget "ABC5BasicClient" */ = {
			isa = XCConfigurationList;
			buildConfigurations = (
				A1CD39B92491D9D500E26A3C /* Debug */,
				A1CD39BA2491D9D500E26A3C /* Release */,
			);
			defaultConfigurationIsVisible = 0;
			defaultConfigurationName = Release;
		};
/* End XCConfigurationList section */
	};
	rootObject = A1CD39982491D9D300E26A3C /* Project object */;
}
